
Microsoft Visual Studio Solution File, Format Version 12.00
# Visual Studio Version 17
VisualStudioVersion = 17.4.33213.308
MinimumVisualStudioVersion = 10.0.40219.1
Project("{8BC9CEB8-8B4A-11D0-8D11-00A0C91BC942}") = "Quadrangulation", "Quadrangulation\Quadrangulation.vcxproj", "{BAF6A06A-AA5B-4079-83FF-9173C776C42B}"
EndProject
Global
	GlobalSection(SolutionConfigurationPlatforms) = preSolution
		Debug|x64 = Debug|x64
		Debug|x86 = Debug|x86
		Release|x64 = Release|x64
		Release|x86 = Release|x86
	EndGlobalSection
	GlobalSection(ProjectConfigurationPlatforms) = postSolution
		{BAF6A06A-AA5B-4079-83FF-9173C776C42B}.Debug|x64.ActiveCfg = Debug|x64
		{BAF6A06A-AA5B-4079-83FF-9173C776C42B}.Debug|x64.Build.0 = Debug|x64
		{BAF6A06A-AA5B-4079-83FF-9173C776C42B}.Debug|x86.ActiveCfg = Debug|Win32
		{BAF6A06A-AA5B-4079-83FF-9173C776C42B}.Debug|x86.Build.0 = Debug|Win32
		{BAF6A06A-AA5B-4079-83FF-9173C776C42B}.Release|x64.ActiveCfg = Release|x64
		{BAF6A06A-AA5B-4079-83FF-9173C776C42B}.Release|x64.Build.0 = Release|x64
		{BAF6A06A-AA5B-4079-83FF-9173C776C42B}.Release|x86.ActiveCfg = Release|Win32
		{BAF6A06A-AA5B-4079-83FF-9173C776C42B}.Release|x86.Build.0 = Release|Win32
	EndGlobalSection
	GlobalSection(SolutionProperties) = preSolution
		HideSolutionNode = FALSE
	EndGlobalSection
	GlobalSection(ExtensibilityGlobals) = postSolution
		SolutionGuid = {8E4571CB-3228-42F6-851E-E1362900BF38}
	EndGlobalSection
EndGlobal
